
Microsoft Visual Studio Solution File, Format Version 12.00
# Visual Studio 2013
VisualStudioVersion = 12.0.30501.0
MinimumVisualStudioVersion = 10.0.40219.1
Project("{FAE04EC0-301F-11D3-BF4B-00C04F79EFBC}") = "SunTaiLibrary", "SunTaiLibrary\SunTaiLibrary.csproj", "{4B96D58C-2796-4665-8DAA-E932544FA0D9}"
EndProject
Project("{2150E333-8FDC-42A3-9474-1A3956D46DE8}") = ".nuget", ".nuget", "{9F0EA737-6248-46CA-8413-BB61720760EF}"
	ProjectSection(SolutionItems) = preProject
		.nuget\NuGet.Config = .nuget\NuGet.Config
		.nuget\NuGet.exe = .nuget\NuGet.exe
		.nuget\NuGet.targets = .nuget\NuGet.targets
	EndProjectSection
EndProject
Global
	GlobalSection(SolutionConfigurationPlatforms) = preSolution
		Debug|Any CPU = Debug|Any CPU
		Release|Any CPU = Release|Any CPU
	EndGlobalSection
	GlobalSection(ProjectConfigurationPlatforms) = postSolution
		{4B96D58C-2796-4665-8DAA-E932544FA0D9}.Debug|Any CPU.ActiveCfg = Debug|Any CPU
		{4B96D58C-2796-4665-8DAA-E932544FA0D9}.Debug|Any CPU.Build.0 = Debug|Any CPU
		{4B96D58C-2796-4665-8DAA-E932544FA0D9}.Release|Any CPU.ActiveCfg = Release|Any CPU
		{4B96D58C-2796-4665-8DAA-E932544FA0D9}.Release|Any CPU.Build.0 = Release|Any CPU
	EndGlobalSection
	GlobalSection(SolutionProperties) = preSolution
		HideSolutionNode = FALSE
	EndGlobalSection
EndGlobal
