
Microsoft Visual Studio Solution File, Format Version 12.00
# Visual Studio Version 16
VisualStudioVersion = 16.0.30002.166
MinimumVisualStudioVersion = 10.0.40219.1
Project("{2150E333-8FDC-42A3-9474-1A3956D46DE8}") = ".nuget", ".nuget", "{9F0EA737-6248-46CA-8413-BB61720760EF}"
	ProjectSection(SolutionItems) = preProject
		.nuget\NuGet.Config = .nuget\NuGet.Config
		.nuget\NuGet.exe = .nuget\NuGet.exe
		.nuget\NuGet.targets = .nuget\NuGet.targets
	EndProjectSection
EndProject
Project("{FAE04EC0-301F-11D3-BF4B-00C04F79EFBC}") = "SunTaiLibrary", "SunTaiLibrary\SunTaiLibrary.csproj", "{BE011C96-CAF9-47D7-998F-77B966A1DCBA}"
EndProject
Project("{FAE04EC0-301F-11D3-BF4B-00C04F79EFBC}") = "SunTaiLibrary.TestClient", "SunTaiLibrary.TestClient\SunTaiLibrary.TestClient.csproj", "{EA122DCD-3C5F-46BC-8FD5-CEDB6B07520F}"
EndProject
Project("{2150E333-8FDC-42A3-9474-1A3956D46DE8}") = "Solution Items", "Solution Items", "{14045F88-BDBA-416C-8B7D-D7973EF093A2}"
	ProjectSection(SolutionItems) = preProject
		.editorconfig = .editorconfig
	EndProjectSection
EndProject
Global
	GlobalSection(SolutionConfigurationPlatforms) = preSolution
		Debug|Any CPU = Debug|Any CPU
		Release|Any CPU = Release|Any CPU
	EndGlobalSection
	GlobalSection(ProjectConfigurationPlatforms) = postSolution
		{BE011C96-CAF9-47D7-998F-77B966A1DCBA}.Debug|Any CPU.ActiveCfg = Debug|Any CPU
		{BE011C96-CAF9-47D7-998F-77B966A1DCBA}.Debug|Any CPU.Build.0 = Debug|Any CPU
		{BE011C96-CAF9-47D7-998F-77B966A1DCBA}.Release|Any CPU.ActiveCfg = Release|Any CPU
		{BE011C96-CAF9-47D7-998F-77B966A1DCBA}.Release|Any CPU.Build.0 = Release|Any CPU
		{EA122DCD-3C5F-46BC-8FD5-CEDB6B07520F}.Debug|Any CPU.ActiveCfg = Debug|Any CPU
		{EA122DCD-3C5F-46BC-8FD5-CEDB6B07520F}.Debug|Any CPU.Build.0 = Debug|Any CPU
		{EA122DCD-3C5F-46BC-8FD5-CEDB6B07520F}.Release|Any CPU.ActiveCfg = Release|Any CPU
		{EA122DCD-3C5F-46BC-8FD5-CEDB6B07520F}.Release|Any CPU.Build.0 = Release|Any CPU
	EndGlobalSection
	GlobalSection(SolutionProperties) = preSolution
		HideSolutionNode = FALSE
	EndGlobalSection
	GlobalSection(ExtensibilityGlobals) = postSolution
		SolutionGuid = {7D6782E0-4F73-4D6E-8FA2-F1226FA9DCCD}
	EndGlobalSection
EndGlobal
